{
  "version": 4,
  "terraform_version": "1.5.7",
  "serial": 13,
  "lineage": "49c16c11-dc33-bc5c-58be-a6252b21e02b",
  "outputs": {},
  "resources": [
    {
      "mode": "managed",
      "type": "yandex_mdb_redis_cluster",
      "name": "netology",
      "provider": "provider[\"registry.terraform.io/yandex-cloud/yandex\"]",
      "instances": [
        {
          "schema_version": 0,
          "attributes": {
            "announce_hostnames": false,
            "config": [
              {
                "client_output_buffer_limit_normal": "1073741824 536870912 60",
                "client_output_buffer_limit_pubsub": "1073741824 536870912 60",
                "databases": 16,
                "maxmemory_percent": 0,
                "maxmemory_policy": "NOEVICTION",
                "notify_keyspace_events": "\"\"",
                "password": "3082618Leonid",
                "slowlog_log_slower_than": 10000,
                "slowlog_max_len": 1000,
                "timeout": 0,
                "version": "7.0"
              }
            ],
            "created_at": "2024-04-18T13:20:21Z",
            "deletion_protection": false,
            "description": "",
            "environment": "PRESTABLE",
            "folder_id": "b1gadttfn3t0cohh2hk2",
            "health": "ALIVE",
            "host": [
              {
                "assign_public_ip": false,
                "fqdn": "rc1a-m6be3g2g6bliaqh0.mdb.yandexcloud.net",
                "replica_priority": 100,
                "shard_name": "shard1",
                "subnet_id": "e9b1bo21rhd37h7ajmmp",
                "zone": "ru-central1-a"
              },
              {
                "assign_public_ip": false,
                "fqdn": "rc1b-k4i2iflmkac3kf2t.mdb.yandexcloud.net",
                "replica_priority": 100,
                "shard_name": "shard2",
                "subnet_id": "e2lv0ngttnjk9a8htaeo",
                "zone": "ru-central1-b"
              },
              {
                "assign_public_ip": false,
                "fqdn": "rc1d-posm41eunrblqgut.mdb.yandexcloud.net",
                "replica_priority": 100,
                "shard_name": "shard3",
                "subnet_id": "fl8rv6gi0ngimnptkjfu",
                "zone": "ru-central1-d"
              }
            ],
            "id": "c9qfb4meevif56upgae2",
            "labels": {},
            "maintenance_window": [
              {
                "day": "",
                "hour": 0,
                "type": "ANYTIME"
              }
            ],
            "name": "netology",
            "network_id": "enpv78njcbpmnjc8fgr1",
            "persistence_mode": "ON",
            "resources": [
              {
                "disk_size": 20,
                "disk_type_id": "network-ssd",
                "resource_preset_id": "b3-c1-m4"
              }
            ],
            "security_group_ids": [
              "enp47qss2ianln64rt5f"
            ],
            "sharded": true,
            "status": "RUNNING",
            "timeouts": null,
            "tls_enabled": true
          },
          "sensitive_attributes": [
            [
              {
                "type": "get_attr",
                "value": "config"
              },
              {
                "type": "index",
                "value": {
                  "value": 0,
                  "type": "number"
                }
              },
              {
                "type": "get_attr",
                "value": "password"
              }
            ]
          ],
          "private": "eyJlMmJmYjczMC1lY2FhLTExZTYtOGY4OC0zNDM2M2JjN2M0YzAiOnsiY3JlYXRlIjo5MDAwMDAwMDAwMDAsImRlbGV0ZSI6OTAwMDAwMDAwMDAwLCJ1cGRhdGUiOjM2MDAwMDAwMDAwMDB9fQ=="
        }
      ]
    }
  ],
  "check_results": null
}
